
Microsoft Visual Studio Solution File, Format Version 12.00
# Visual Studio 15
VisualStudioVersion = 15.0.28307.1169
MinimumVisualStudioVersion = 10.0.40219.1
Project("{FAE04EC0-301F-11D3-BF4B-00C04F79EFBC}") = "DL", "DL\DL.csproj", "{B8F2930F-EF8D-4BC1-9F00-2ED152A77D4C}"
EndProject
Project("{FAE04EC0-301F-11D3-BF4B-00C04F79EFBC}") = "Models", "Models\Models.csproj", "{5FFD6142-1631-4FA6-ABB8-F7397B3D1027}"
EndProject
Project("{FAE04EC0-301F-11D3-BF4B-00C04F79EFBC}") = "CKMFundFees", "CKMFundFees\CKMFundFees.csproj", "{09CB6079-00EC-4CA6-9C84-13F41F9CE16C}"
EndProject
Project("{FAE04EC0-301F-11D3-BF4B-00C04F79EFBC}") = "TransactionBL", "TransactionBL\TransactionBL.csproj", "{6992D139-6E6E-4B83-98DE-FC9DE987EE4E}"
EndProject
Project("{FAE04EC0-301F-11D3-BF4B-00C04F79EFBC}") = "UserBL", "UserBL\UserBL.csproj", "{42FDC88C-C978-4AAD-8440-4AD3B6B25361}"
EndProject
Global
	GlobalSection(SolutionConfigurationPlatforms) = preSolution
		Debug|Any CPU = Debug|Any CPU
		Release|Any CPU = Release|Any CPU
	EndGlobalSection
	GlobalSection(ProjectConfigurationPlatforms) = postSolution
		{B8F2930F-EF8D-4BC1-9F00-2ED152A77D4C}.Debug|Any CPU.ActiveCfg = Debug|Any CPU
		{B8F2930F-EF8D-4BC1-9F00-2ED152A77D4C}.Debug|Any CPU.Build.0 = Debug|Any CPU
		{B8F2930F-EF8D-4BC1-9F00-2ED152A77D4C}.Release|Any CPU.ActiveCfg = Release|Any CPU
		{B8F2930F-EF8D-4BC1-9F00-2ED152A77D4C}.Release|Any CPU.Build.0 = Release|Any CPU
		{5FFD6142-1631-4FA6-ABB8-F7397B3D1027}.Debug|Any CPU.ActiveCfg = Debug|Any CPU
		{5FFD6142-1631-4FA6-ABB8-F7397B3D1027}.Debug|Any CPU.Build.0 = Debug|Any CPU
		{5FFD6142-1631-4FA6-ABB8-F7397B3D1027}.Release|Any CPU.ActiveCfg = Release|Any CPU
		{5FFD6142-1631-4FA6-ABB8-F7397B3D1027}.Release|Any CPU.Build.0 = Release|Any CPU
		{09CB6079-00EC-4CA6-9C84-13F41F9CE16C}.Debug|Any CPU.ActiveCfg = Debug|Any CPU
		{09CB6079-00EC-4CA6-9C84-13F41F9CE16C}.Debug|Any CPU.Build.0 = Debug|Any CPU
		{09CB6079-00EC-4CA6-9C84-13F41F9CE16C}.Release|Any CPU.ActiveCfg = Release|Any CPU
		{09CB6079-00EC-4CA6-9C84-13F41F9CE16C}.Release|Any CPU.Build.0 = Release|Any CPU
		{6992D139-6E6E-4B83-98DE-FC9DE987EE4E}.Debug|Any CPU.ActiveCfg = Debug|Any CPU
		{6992D139-6E6E-4B83-98DE-FC9DE987EE4E}.Debug|Any CPU.Build.0 = Debug|Any CPU
		{6992D139-6E6E-4B83-98DE-FC9DE987EE4E}.Release|Any CPU.ActiveCfg = Release|Any CPU
		{6992D139-6E6E-4B83-98DE-FC9DE987EE4E}.Release|Any CPU.Build.0 = Release|Any CPU
		{42FDC88C-C978-4AAD-8440-4AD3B6B25361}.Debug|Any CPU.ActiveCfg = Debug|Any CPU
		{42FDC88C-C978-4AAD-8440-4AD3B6B25361}.Debug|Any CPU.Build.0 = Debug|Any CPU
		{42FDC88C-C978-4AAD-8440-4AD3B6B25361}.Release|Any CPU.ActiveCfg = Release|Any CPU
		{42FDC88C-C978-4AAD-8440-4AD3B6B25361}.Release|Any CPU.Build.0 = Release|Any CPU
	EndGlobalSection
	GlobalSection(SolutionProperties) = preSolution
		HideSolutionNode = FALSE
	EndGlobalSection
	GlobalSection(ExtensibilityGlobals) = postSolution
		SolutionGuid = {199861B0-772C-4AD5-946A-C9278494007B}
	EndGlobalSection
EndGlobal
